
Microsoft Visual Studio Solution File, Format Version 12.00
# Visual Studio Version 17
VisualStudioVersion = 17.3.32901.215
MinimumVisualStudioVersion = 10.0.40219.1
Project("{FAE04EC0-301F-11D3-BF4B-00C04F79EFBC}") = "CalculatorThreeoAPI", "CalculatorThreeoAPI\CalculatorThreeoAPI.csproj", "{1C984FF3-FBB0-44B7-97A4-076A829ACF7F}"
EndProject
Global
	GlobalSection(SolutionConfigurationPlatforms) = preSolution
		Debug|Any CPU = Debug|Any CPU
		Release|Any CPU = Release|Any CPU
	EndGlobalSection
	GlobalSection(ProjectConfigurationPlatforms) = postSolution
		{1C984FF3-FBB0-44B7-97A4-076A829ACF7F}.Debug|Any CPU.ActiveCfg = Debug|Any CPU
		{1C984FF3-FBB0-44B7-97A4-076A829ACF7F}.Debug|Any CPU.Build.0 = Debug|Any CPU
		{1C984FF3-FBB0-44B7-97A4-076A829ACF7F}.Release|Any CPU.ActiveCfg = Release|Any CPU
		{1C984FF3-FBB0-44B7-97A4-076A829ACF7F}.Release|Any CPU.Build.0 = Release|Any CPU
	EndGlobalSection
	GlobalSection(SolutionProperties) = preSolution
		HideSolutionNode = FALSE
	EndGlobalSection
	GlobalSection(ExtensibilityGlobals) = postSolution
		SolutionGuid = {8DB714A0-BE04-41BE-8FA6-4AC4A54204F6}
	EndGlobalSection
EndGlobal
